
Microsoft Visual Studio Solution File, Format Version 12.00
# Visual Studio Version 17
VisualStudioVersion = 17.9.34728.123
MinimumVisualStudioVersion = 10.0.40219.1
Project("{FAE04EC0-301F-11D3-BF4B-00C04F79EFBC}") = "AZB2cAPI", "AZB2cAPI\AZB2cAPI.csproj", "{164A72EF-5CE2-4870-A1F3-FEB6FF44A057}"
EndProject
Global
	GlobalSection(SolutionConfigurationPlatforms) = preSolution
		Debug|Any CPU = Debug|Any CPU
		Release|Any CPU = Release|Any CPU
	EndGlobalSection
	GlobalSection(ProjectConfigurationPlatforms) = postSolution
		{164A72EF-5CE2-4870-A1F3-FEB6FF44A057}.Debug|Any CPU.ActiveCfg = Debug|Any CPU
		{164A72EF-5CE2-4870-A1F3-FEB6FF44A057}.Debug|Any CPU.Build.0 = Debug|Any CPU
		{164A72EF-5CE2-4870-A1F3-FEB6FF44A057}.Release|Any CPU.ActiveCfg = Release|Any CPU
		{164A72EF-5CE2-4870-A1F3-FEB6FF44A057}.Release|Any CPU.Build.0 = Release|Any CPU
	EndGlobalSection
	GlobalSection(SolutionProperties) = preSolution
		HideSolutionNode = FALSE
	EndGlobalSection
	GlobalSection(ExtensibilityGlobals) = postSolution
		SolutionGuid = {DFE1E6D4-8886-459E-B754-69CDB4C5D148}
	EndGlobalSection
EndGlobal
